
Microsoft Visual Studio Solution File, Format Version 12.00
Project("{FAE04EC0-301F-11D3-BF4B-00C04F79EFBC}") = "Amatsucozy.PMS.Shared.Core", "Amatsucozy.PMS.Shared.Core\Amatsucozy.PMS.Shared.Core.csproj", "{3062E257-8EDB-4123-91BA-A5AB886E7FE6}"
EndProject
Project("{FAE04EC0-301F-11D3-BF4B-00C04F79EFBC}") = "Amatsucozy.PMS.Shared.API", "Amatsucozy.PMS.Shared.API\Amatsucozy.PMS.Shared.API.csproj", "{1E689B77-03D8-41E1-9BFB-AD92DCA95E68}"
EndProject
Project("{2150E333-8FDC-42A3-9474-1A3956D46DE8}") = "Workflows", "Workflows", "{A9C32246-78DA-47FF-8A49-C4C595803371}"
EndProject
Project("{2150E333-8FDC-42A3-9474-1A3956D46DE8}") = "Solution Files", "Solution Files", "{A64F82EE-BFB9-4DE1-A6D6-1E8DDD668329}"
	ProjectSection(SolutionItems) = preProject
		..\nuget.config = ..\nuget.config
	EndProjectSection
EndProject
Global
	GlobalSection(SolutionConfigurationPlatforms) = preSolution
		Debug|Any CPU = Debug|Any CPU
		Release|Any CPU = Release|Any CPU
	EndGlobalSection
	GlobalSection(ProjectConfigurationPlatforms) = postSolution
		{3062E257-8EDB-4123-91BA-A5AB886E7FE6}.Debug|Any CPU.ActiveCfg = Debug|Any CPU
		{3062E257-8EDB-4123-91BA-A5AB886E7FE6}.Debug|Any CPU.Build.0 = Debug|Any CPU
		{3062E257-8EDB-4123-91BA-A5AB886E7FE6}.Release|Any CPU.ActiveCfg = Release|Any CPU
		{3062E257-8EDB-4123-91BA-A5AB886E7FE6}.Release|Any CPU.Build.0 = Release|Any CPU
		{1E689B77-03D8-41E1-9BFB-AD92DCA95E68}.Debug|Any CPU.ActiveCfg = Debug|Any CPU
		{1E689B77-03D8-41E1-9BFB-AD92DCA95E68}.Debug|Any CPU.Build.0 = Debug|Any CPU
		{1E689B77-03D8-41E1-9BFB-AD92DCA95E68}.Release|Any CPU.ActiveCfg = Release|Any CPU
		{1E689B77-03D8-41E1-9BFB-AD92DCA95E68}.Release|Any CPU.Build.0 = Release|Any CPU
	EndGlobalSection
EndGlobal
